
Microsoft Visual Studio Solution File, Format Version 12.00
# Visual Studio Version 16
VisualStudioVersion = 16.0.31702.278
MinimumVisualStudioVersion = 10.0.40219.1
Project("{FAE04EC0-301F-11D3-BF4B-00C04F79EFBC}") = "1stWebApp", "1stWebApp.csproj", "{3B39467E-8204-421B-8C0B-4C73261F0FEB}"
EndProject
Global
	GlobalSection(SolutionConfigurationPlatforms) = preSolution
		Debug|Any CPU = Debug|Any CPU
		Release|Any CPU = Release|Any CPU
	EndGlobalSection
	GlobalSection(ProjectConfigurationPlatforms) = postSolution
		{3B39467E-8204-421B-8C0B-4C73261F0FEB}.Debug|Any CPU.ActiveCfg = Debug|Any CPU
		{3B39467E-8204-421B-8C0B-4C73261F0FEB}.Debug|Any CPU.Build.0 = Debug|Any CPU
		{3B39467E-8204-421B-8C0B-4C73261F0FEB}.Release|Any CPU.ActiveCfg = Release|Any CPU
		{3B39467E-8204-421B-8C0B-4C73261F0FEB}.Release|Any CPU.Build.0 = Release|Any CPU
	EndGlobalSection
	GlobalSection(SolutionProperties) = preSolution
		HideSolutionNode = FALSE
	EndGlobalSection
	GlobalSection(ExtensibilityGlobals) = postSolution
		SolutionGuid = {1B8B62BD-E784-4828-BA68-B8348CF17222}
	EndGlobalSection
EndGlobal
