
Microsoft Visual Studio Solution File, Format Version 12.00
# Visual Studio Version 16
VisualStudioVersion = 16.0.31702.278
MinimumVisualStudioVersion = 10.0.40219.1
Project("{FAE04EC0-301F-11D3-BF4B-00C04F79EFBC}") = "2ndWebApp", "2ndWebApp.csproj", "{2E2B1DC3-F763-4588-B934-A3E200051297}"
EndProject
Global
	GlobalSection(SolutionConfigurationPlatforms) = preSolution
		Debug|Any CPU = Debug|Any CPU
		Release|Any CPU = Release|Any CPU
	EndGlobalSection
	GlobalSection(ProjectConfigurationPlatforms) = postSolution
		{2E2B1DC3-F763-4588-B934-A3E200051297}.Debug|Any CPU.ActiveCfg = Debug|Any CPU
		{2E2B1DC3-F763-4588-B934-A3E200051297}.Debug|Any CPU.Build.0 = Debug|Any CPU
		{2E2B1DC3-F763-4588-B934-A3E200051297}.Release|Any CPU.ActiveCfg = Release|Any CPU
		{2E2B1DC3-F763-4588-B934-A3E200051297}.Release|Any CPU.Build.0 = Release|Any CPU
	EndGlobalSection
	GlobalSection(SolutionProperties) = preSolution
		HideSolutionNode = FALSE
	EndGlobalSection
	GlobalSection(ExtensibilityGlobals) = postSolution
		SolutionGuid = {2C8463A6-E313-4630-A33B-BE4ED28B546D}
	EndGlobalSection
EndGlobal
